
Microsoft Visual Studio Solution File, Format Version 12.00
# Visual Studio 15
VisualStudioVersion = 15.0.26430.6
MinimumVisualStudioVersion = 10.0.40219.1
Project("{FAE04EC0-301F-11D3-BF4B-00C04F79EFBC}") = "FileManager", "FileManager\FileManager.csproj", "{ED19D3F9-8891-48F3-86EC-24EA10D4544A}"
EndProject
Project("{2150E333-8FDC-42A3-9474-1A3956D46DE8}") = "Solution Items", "Solution Items", "{D66921DB-ABBF-42C9-A93C-76B1299553F0}"
EndProject
Global
	GlobalSection(SolutionConfigurationPlatforms) = preSolution
		Debug|Any CPU = Debug|Any CPU
		Release|Any CPU = Release|Any CPU
	EndGlobalSection
	GlobalSection(ProjectConfigurationPlatforms) = postSolution
		{ED19D3F9-8891-48F3-86EC-24EA10D4544A}.Debug|Any CPU.ActiveCfg = Debug|Any CPU
		{ED19D3F9-8891-48F3-86EC-24EA10D4544A}.Debug|Any CPU.Build.0 = Debug|Any CPU
		{ED19D3F9-8891-48F3-86EC-24EA10D4544A}.Release|Any CPU.ActiveCfg = Release|Any CPU
		{ED19D3F9-8891-48F3-86EC-24EA10D4544A}.Release|Any CPU.Build.0 = Release|Any CPU
	EndGlobalSection
	GlobalSection(SolutionProperties) = preSolution
		HideSolutionNode = FALSE
	EndGlobalSection
EndGlobal
